github.com/jarcoal/httpmock v1.3.1 h1:iUx3whfZWVf3jT01hQTO/Eo5sAYtB2/rqaUuOtpInww=
github.com/jarcoal/httpmock v1.3.1/go.mod h1:3yb8rc4BI7TCBhFY8ng0gjuLKJNquuDNiPaZjnENuYg=
github.com/openfga/go-sdk v0.5.0 h1:1IuAu6Xf4eBxgc2AyMfosK7QzApxuZ5yi7jmFaftnl0=
github.com/openfga/go-sdk v0.5.0/go.mod h1:AoMnFlPw65sU/7O4xOPpCb2vXA8ZD9K9xp2hZjcvt4g=
